// !$*UTF8*$!
{
	archiveVersion = 1;
	classes = {
	};
	objectVersion = 50;
	objects = {

/* Begin PBXBuildFile section */
		3648913F2626E92E00157455 /* mindApp.swift in Sources */ = {isa = PBXBuildFile; fileRef = 3648913E2626E92E00157455 /* mindApp.swift */; };
		364891412626E92E00157455 /* EmojiMemoryGameView.swift in Sources */ = {isa = PBXBuildFile; fileRef = 364891402626E92E00157455 /* EmojiMemoryGameView.swift */; };
		364891432626E93000157455 /* Assets.xcassets in Resources */ = {isa = PBXBuildFile; fileRef = 364891422626E93000157455 /* Assets.xcassets */; };
		364891462626E93000157455 /* Preview Assets.xcassets in Resources */ = {isa = PBXBuildFile; fileRef = 364891452626E93000157455 /* Preview Assets.xcassets */; };
		364891512626E93000157455 /* mindTests.swift in Sources */ = {isa = PBXBuildFile; fileRef = 364891502626E93000157455 /* mindTests.swift */; };
		3648915C2626E93000157455 /* mindUITests.swift in Sources */ = {isa = PBXBuildFile; fileRef = 3648915B2626E93000157455 /* mindUITests.swift */; };
		36DCD1D6283570C400D9CF9E /* MemoryGame.swift in Sources */ = {isa = PBXBuildFile; fileRef = 36DCD1D5283570C400D9CF9E /* MemoryGame.swift */; };
		36DCD1D8283572F600D9CF9E /* EmojiMemoryGame.swift in Sources */ = {isa = PBXBuildFile; fileRef = 36DCD1D7283572F600D9CF9E /* EmojiMemoryGame.swift */; };
/* End PBXBuildFile section */

/* Begin PBXContainerItemProxy section */
		3648914D2626E93000157455 /* PBXContainerItemProxy */ = {
			isa = PBXContainerItemProxy;
			containerPortal = 364891332626E92E00157455 /* Project object */;
			proxyType = 1;
			remoteGlobalIDString = 3648913A2626E92E00157455;
			remoteInfo = mind;
		};
		364891582626E93000157455 /* PBXContainerItemProxy */ = {
			isa = PBXContainerItemProxy;
			containerPortal = 364891332626E92E00157455 /* Project object */;
			proxyType = 1;
			remoteGlobalIDString = 3648913A2626E92E00157455;
			remoteInfo = mind;
		};
/* End PBXContainerItemProxy section */

/* Begin PBXFileReference section */
		3648913B2626E92E00157455 /* mind.app */ = {isa = PBXFileReference; explicitFileType = wrapper.application; includeInIndex = 0; path = mind.app; sourceTree = BUILT_PRODUCTS_DIR; };
		3648913E2626E92E00157455 /* mindApp.swift */ = {isa = PBXFileReference; lastKnownFileType = sourcecode.swift; path = mindApp.swift; sourceTree = "<group>"; };
		364891402626E92E00157455 /* EmojiMemoryGameView.swift */ = {isa = PBXFileReference; lastKnownFileType = sourcecode.swift; path = EmojiMemoryGameView.swift; sourceTree = "<group>"; };
		364891422626E93000157455 /* Assets.xcassets */ = {isa = PBXFileReference; lastKnownFileType = folder.assetcatalog; path = Assets.xcassets; sourceTree = "<group>"; };
		364891452626E93000157455 /* Preview Assets.xcassets */ = {isa = PBXFileReference; lastKnownFileType = folder.assetcatalog; path = "Preview Assets.xcassets"; sourceTree = "<group>"; };
		364891472626E93000157455 /* Info.plist */ = {isa = PBXFileReference; lastKnownFileType = text.plist.xml; path = Info.plist; sourceTree = "<group>"; };
		3648914C2626E93000157455 /* mindTests.xctest */ = {isa = PBXFileReference; explicitFileType = wrapper.cfbundle; includeInIndex = 0; path = mindTests.xctest; sourceTree = BUILT_PRODUCTS_DIR; };
		364891502626E93000157455 /* mindTests.swift */ = {isa = PBXFileReference; lastKnownFileType = sourcecode.swift; path = mindTests.swift; sourceTree = "<group>"; };
		364891522626E93000157455 /* Info.plist */ = {isa = PBXFileReference; lastKnownFileType = text.plist.xml; path = Info.plist; sourceTree = "<group>"; };
		364891572626E93000157455 /* mindUITests.xctest */ = {isa = PBXFileReference; explicitFileType = wrapper.cfbundle; includeInIndex = 0; path = mindUITests.xctest; sourceTree = BUILT_PRODUCTS_DIR; };
		3648915B2626E93000157455 /* mindUITests.swift */ = {isa = PBXFileReference; lastKnownFileType = sourcecode.swift; path = mindUITests.swift; sourceTree = "<group>"; };
		3648915D2626E93000157455 /* Info.plist */ = {isa = PBXFileReference; lastKnownFileType = text.plist.xml; path = Info.plist; sourceTree = "<group>"; };
		36DCD1D5283570C400D9CF9E /* MemoryGame.swift */ = {isa = PBXFileReference; lastKnownFileType = sourcecode.swift; path = MemoryGame.swift; sourceTree = "<group>"; };
		36DCD1D7283572F600D9CF9E /* EmojiMemoryGame.swift */ = {isa = PBXFileReference; lastKnownFileType = sourcecode.swift; path = EmojiMemoryGame.swift; sourceTree = "<group>"; };
/* End PBXFileReference section */

/* Begin PBXFrameworksBuildPhase section */
		364891382626E92E00157455 /* Frameworks */ = {
			isa = PBXFrameworksBuildPhase;
			buildActionMask = 2147483647;
			files = (
			);
			runOnlyForDeploymentPostprocessing = 0;
		};
		364891492626E93000157455 /* Frameworks */ = {
			isa = PBXFrameworksBuildPhase;
			buildActionMask = 2147483647;
			files = (
			);
			runOnlyForDeploymentPostprocessing = 0;
		};
		364891542626E93000157455 /* Frameworks */ = {
			isa = PBXFrameworksBuildPhase;
			buildActionMask = 2147483647;
			files = (
			);
			runOnlyForDeploymentPostprocessing = 0;
		};
/* End PBXFrameworksBuildPhase section */

/* Begin PBXGroup section */
		364891322626E92E00157455 = {
			isa = PBXGroup;
			children = (
				3648913D2626E92E00157455 /* mind */,
				3648914F2626E93000157455 /* mindTests */,
				3648915A2626E93000157455 /* mindUITests */,
				3648913C2626E92E00157455 /* Products */,
			);
			sourceTree = "<group>";
		};
		3648913C2626E92E00157455 /* Products */ = {
			isa = PBXGroup;
			children = (
				3648913B2626E92E00157455 /* mind.app */,
				3648914C2626E93000157455 /* mindTests.xctest */,
				364891572626E93000157455 /* mindUITests.xctest */,
			);
			name = Products;
			sourceTree = "<group>";
		};
		3648913D2626E92E00157455 /* mind */ = {
			isa = PBXGroup;
			children = (
				3648913E2626E92E00157455 /* mindApp.swift */,
				364891402626E92E00157455 /* EmojiMemoryGameView.swift */,
				36DCD1D5283570C400D9CF9E /* MemoryGame.swift */,
				36DCD1D7283572F600D9CF9E /* EmojiMemoryGame.swift */,
				364891422626E93000157455 /* Assets.xcassets */,
				364891472626E93000157455 /* Info.plist */,
				364891442626E93000157455 /* Preview Content */,
			);
			path = mind;
			sourceTree = "<group>";
		};
		364891442626E93000157455 /* Preview Content */ = {
			isa = PBXGroup;
			children = (
				364891452626E93000157455 /* Preview Assets.xcassets */,
			);
			path = "Preview Content";
			sourceTree = "<group>";
		};
		3648914F2626E93000157455 /* mindTests */ = {
			isa = PBXGroup;
			children = (
				364891502626E93000157455 /* mindTests.swift */,
				364891522626E93000157455 /* Info.plist */,
			);
			path = mindTests;
			sourceTree = "<group>";
		};
		3648915A2626E93000157455 /* mindUITests */ = {
			isa = PBXGroup;
			children = (
				3648915B2626E93000157455 /* mindUITests.swift */,
				3648915D2626E93000157455 /* Info.plist */,
			);
			path = mindUITests;
			sourceTree = "<group>";
		};
/* End PBXGroup section */

/* Begin PBXNativeTarget section */
		3648913A2626E92E00157455 /* mind */ = {
			isa = PBXNativeTarget;
			buildConfigurationList = 364891602626E93000157455 /* Build configuration list for PBXNativeTarget "mind" */;
			buildPhases = (
				364891372626E92E00157455 /* Sources */,
				364891382626E92E00157455 /* Frameworks */,
				364891392626E92E00157455 /* Resources */,
			);
			buildRules = (
			);
			dependencies = (
			);
			name = mind;
			productName = mind;
			productReference = 3648913B2626E92E00157455 /* mind.app */;
			productType = "com.apple.product-type.application";
		};
		3648914B2626E93000157455 /* mindTests */ = {
			isa = PBXNativeTarget;
			buildConfigurationList = 364891632626E93000157455 /* Build configuration list for PBXNativeTarget "mindTests" */;
			buildPhases = (
				364891482626E93000157455 /* Sources */,
				364891492626E93000157455 /* Frameworks */,
				3648914A2626E93000157455 /* Resources */,
			);
			buildRules = (
			);
			dependencies = (
				3648914E2626E93000157455 /* PBXTargetDependency */,
			);
			name = mindTests;
			productName = mindTests;
			productReference = 3648914C2626E93000157455 /* mindTests.xctest */;
			productType = "com.apple.product-type.bundle.unit-test";
		};
		364891562626E93000157455 /* mindUITests */ = {
			isa = PBXNativeTarget;
			buildConfigurationList = 364891662626E93000157455 /* Build configuration list for PBXNativeTarget "mindUITests" */;
			buildPhases = (
				364891532626E93000157455 /* Sources */,
				364891542626E93000157455 /* Frameworks */,
				364891552626E93000157455 /* Resources */,
			);
			buildRules = (
			);
			dependencies = (
				364891592626E93000157455 /* PBXTargetDependency */,
			);
			name = mindUITests;
			productName = mindUITests;
			productReference = 364891572626E93000157455 /* mindUITests.xctest */;
			productType = "com.apple.product-type.bundle.ui-testing";
		};
/* End PBXNativeTarget section */

/* Begin PBXProject section */
		364891332626E92E00157455 /* Project object */ = {
			isa = PBXProject;
			attributes = {
				LastSwiftUpdateCheck = 1240;
				LastUpgradeCheck = 1240;
				TargetAttributes = {
					3648913A2626E92E00157455 = {
						CreatedOnToolsVersion = 12.4;
					};
					3648914B2626E93000157455 = {
						CreatedOnToolsVersion = 12.4;
						TestTargetID = 3648913A2626E92E00157455;
					};
					364891562626E93000157455 = {
						CreatedOnToolsVersion = 12.4;
						TestTargetID = 3648913A2626E92E00157455;
					};
				};
			};
			buildConfigurationList = 364891362626E92E00157455 /* Build configuration list for PBXProject "mind" */;
			compatibilityVersion = "Xcode 9.3";
			developmentRegion = en;
			hasScannedForEncodings = 0;
			knownRegions = (
				en,
				Base,
			);
			mainGroup = 364891322626E92E00157455;
			productRefGroup = 3648913C2626E92E00157455 /* Products */;
			projectDirPath = "";
			projectRoot = "";
			targets = (
				3648913A2626E92E00157455 /* mind */,
				3648914B2626E93000157455 /* mindTests */,
				364891562626E93000157455 /* mindUITests */,
			);
		};
/* End PBXProject section */

/* Begin PBXResourcesBuildPhase section */
		364891392626E92E00157455 /* Resources */ = {
			isa = PBXResourcesBuildPhase;
			buildActionMask = 2147483647;
			files = (
				364891462626E93000157455 /* Preview Assets.xcassets in Resources */,
				364891432626E93000157455 /* Assets.xcassets in Resources */,
			);
			runOnlyForDeploymentPostprocessing = 0;
		};
		3648914A2626E93000157455 /* Resources */ = {
			isa = PBXResourcesBuildPhase;
			buildActionMask = 2147483647;
			files = (
			);
			runOnlyForDeploymentPostprocessing = 0;
		};
		364891552626E93000157455 /* Resources */ = {
			isa = PBXResourcesBuildPhase;
			buildActionMask = 2147483647;
			files = (
			);
			runOnlyForDeploymentPostprocessing = 0;
		};
/* End PBXResourcesBuildPhase section */

/* Begin PBXSourcesBuildPhase section */
		364891372626E92E00157455 /* Sources */ = {
			isa = PBXSourcesBuildPhase;
			buildActionMask = 2147483647;
			files = (
				36DCD1D6283570C400D9CF9E /* MemoryGame.swift in Sources */,
				364891412626E92E00157455 /* EmojiMemoryGameView.swift in Sources */,
				3648913F2626E92E00157455 /* mindApp.swift in Sources */,
				36DCD1D8283572F600D9CF9E /* EmojiMemoryGame.swift in Sources */,
			);
			runOnlyForDeploymentPostprocessing = 0;
		};
		364891482626E93000157455 /* Sources */ = {
			isa = PBXSourcesBuildPhase;
			buildActionMask = 2147483647;
			files = (
				364891512626E93000157455 /* mindTests.swift in Sources */,
			);
			runOnlyForDeploymentPostprocessing = 0;
		};
		364891532626E93000157455 /* Sources */ = {
			isa = PBXSourcesBuildPhase;
			buildActionMask = 2147483647;
			files = (
				3648915C2626E93000157455 /* mindUITests.swift in Sources */,
			);
			runOnlyForDeploymentPostprocessing = 0;
		};
/* End PBXSourcesBuildPhase section */

/* Begin PBXTargetDependency section */
		3648914E2626E93000157455 /* PBXTargetDependency */ = {
			isa = PBXTargetDependency;
			target = 3648913A2626E92E00157455 /* mind */;
			targetProxy = 3648914D2626E93000157455 /* PBXContainerItemProxy */;
		};
		364891592626E93000157455 /* PBXTargetDependency */ = {
			isa = PBXTargetDependency;
			target = 3648913A2626E92E00157455 /* mind */;
			targetProxy = 364891582626E93000157455 /* PBXContainerItemProxy */;
		};
/* End PBXTargetDependency section */

/* Begin XCBuildConfiguration section */
		3648915E2626E93000157455 /* Debug */ = {
			isa = XCBuildConfiguration;
			buildSettings = {
				ALWAYS_SEARCH_USER_PATHS = NO;
				CLANG_ANALYZER_NONNULL = YES;
				CLANG_ANALYZER_NUMBER_OBJECT_CONVERSION = YES_AGGRESSIVE;
				CLANG_CXX_LANGUAGE_STANDARD = "gnu++14";
				CLANG_CXX_LIBRARY = "libc++";
				CLANG_ENABLE_MODULES = YES;
				CLANG_ENABLE_OBJC_ARC = YES;
				CLANG_ENABLE_OBJC_WEAK = YES;
				CLANG_WARN_BLOCK_CAPTURE_AUTORELEASING = YES;
				CLANG_WARN_BOOL_CONVERSION = YES;
				CLANG_WARN_COMMA = YES;
				CLANG_WARN_CONSTANT_CONVERSION = YES;
				CLANG_WARN_DEPRECATED_OBJC_IMPLEMENTATIONS = YES;
				CLANG_WARN_DIRECT_OBJC_ISA_USAGE = YES_ERROR;
				CLANG_WARN_DOCUMENTATION_COMMENTS = YES;
				CLANG_WARN_EMPTY_BODY = YES;
				CLANG_WARN_ENUM_CONVERSION = YES;
				CLANG_WARN_INFINITE_RECURSION = YES;
				CLANG_WARN_INT_CONVERSION = YES;
				CLANG_WARN_NON_LITERAL_NULL_CONVERSION = YES;
				CLANG_WARN_OBJC_IMPLICIT_RETAIN_SELF = YES;
				CLANG_WARN_OBJC_LITERAL_CONVERSION = YES;
				CLANG_WARN_OBJC_ROOT_CLASS = YES_ERROR;
				CLANG_WARN_QUOTED_INCLUDE_IN_FRAMEWORK_HEADER = YES;
				CLANG_WARN_RANGE_LOOP_ANALYSIS = YES;
				CLANG_WARN_STRICT_PROTOTYPES = YES;
				CLANG_WARN_SUSPICIOUS_MOVE = YES;
				CLANG_WARN_UNGUARDED_AVAILABILITY = YES_AGGRESSIVE;
				CLANG_WARN_UNREACHABLE_CODE = YES;
				CLANG_WARN__DUPLICATE_METHOD_MATCH = YES;
				COPY_PHASE_STRIP = NO;
				DEBUG_INFORMATION_FORMAT = dwarf;
				ENABLE_STRICT_OBJC_MSGSEND = YES;
				ENABLE_TESTABILITY = YES;
				GCC_C_LANGUAGE_STANDARD = gnu11;
				GCC_DYNAMIC_NO_PIC = NO;
				GCC_NO_COMMON_BLOCKS = YES;
				GCC_OPTIMIZATION_LEVEL = 0;
				GCC_PREPROCESSOR_DEFINITIONS = (
					"DEBUG=1",
					"$(inherited)",
				);
				GCC_WARN_64_TO_32_BIT_CONVERSION = YES;
				GCC_WARN_ABOUT_RETURN_TYPE = YES_ERROR;
				GCC_WARN_UNDECLARED_SELECTOR = YES;
				GCC_WARN_UNINITIALIZED_AUTOS = YES_AGGRESSIVE;
				GCC_WARN_UNUSED_FUNCTION = YES;
				GCC_WARN_UNUSED_VARIABLE = YES;
				IPHONEOS_DEPLOYMENT_TARGET = 14.4;
				MTL_ENABLE_DEBUG_INFO = INCLUDE_SOURCE;
				MTL_FAST_MATH = YES;
				ONLY_ACTIVE_ARCH = YES;
				SDKROOT = iphoneos;
				SWIFT_ACTIVE_COMPILATION_CONDITIONS = DEBUG;
				SWIFT_OPTIMIZATION_LEVEL = "-Onone";
			};
			name = Debug;
		};
		3648915F2626E93000157455 /* Release */ = {
			isa = XCBuildConfiguration;
			buildSettings = {
				ALWAYS_SEARCH_USER_PATHS = NO;
				CLANG_ANALYZER_NONNULL = YES;
				CLANG_ANALYZER_NUMBER_OBJECT_CONVERSION = YES_AGGRESSIVE;
				CLANG_CXX_LANGUAGE_STANDARD = "gnu++14";
				CLANG_CXX_LIBRARY = "libc++";
				CLANG_ENABLE_MODULES = YES;
				CLANG_ENABLE_OBJC_ARC = YES;
				CLANG_ENABLE_OBJC_WEAK = YES;
				CLANG_WARN_BLOCK_CAPTURE_AUTORELEASING = YES;
				CLANG_WARN_BOOL_CONVERSION = YES;
				CLANG_WARN_COMMA = YES;
				CLANG_WARN_CONSTANT_CONVERSION = YES;
				CLANG_WARN_DEPRECATED_OBJC_IMPLEMENTATIONS = YES;
				CLANG_WARN_DIRECT_OBJC_ISA_USAGE = YES_ERROR;
				CLANG_WARN_DOCUMENTATION_COMMENTS = YES;
				CLANG_WARN_EMPTY_BODY = YES;
				CLANG_WARN_ENUM_CONVERSION = YES;
				CLANG_WARN_INFINITE_RECURSION = YES;
				CLANG_WARN_INT_CONVERSION = YES;
				CLANG_WARN_NON_LITERAL_NULL_CONVERSION = YES;
				CLANG_WARN_OBJC_IMPLICIT_RETAIN_SELF = YES;
				CLANG_WARN_OBJC_LITERAL_CONVERSION = YES;
				CLANG_WARN_OBJC_ROOT_CLASS = YES_ERROR;
				CLANG_WARN_QUOTED_INCLUDE_IN_FRAMEWORK_HEADER = YES;
				CLANG_WARN_RANGE_LOOP_ANALYSIS = YES;
				CLANG_WARN_STRICT_PROTOTYPES = YES;
				CLANG_WARN_SUSPICIOUS_MOVE = YES;
				CLANG_WARN_UNGUARDED_AVAILABILITY = YES_AGGRESSIVE;
				CLANG_WARN_UNREACHABLE_CODE = YES;
				CLANG_WARN__DUPLICATE_METHOD_MATCH = YES;
				COPY_PHASE_STRIP = NO;
				DEBUG_INFORMATION_FORMAT = "dwarf-with-dsym";
				ENABLE_NS_ASSERTIONS = NO;
				ENABLE_STRICT_OBJC_MSGSEND = YES;
				GCC_C_LANGUAGE_STANDARD = gnu11;
				GCC_NO_COMMON_BLOCKS = YES;
				GCC_WARN_64_TO_32_BIT_CONVERSION = YES;
				GCC_WARN_ABOUT_RETURN_TYPE = YES_ERROR;
				GCC_WARN_UNDECLARED_SELECTOR = YES;
				GCC_WARN_UNINITIALIZED_AUTOS = YES_AGGRESSIVE;
				GCC_WARN_UNUSED_FUNCTION = YES;
				GCC_WARN_UNUSED_VARIABLE = YES;
				IPHONEOS_DEPLOYMENT_TARGET = 14.4;
				MTL_ENABLE_DEBUG_INFO = NO;
				MTL_FAST_MATH = YES;
				SDKROOT = iphoneos;
				SWIFT_COMPILATION_MODE = wholemodule;
				SWIFT_OPTIMIZATION_LEVEL = "-O";
				VALIDATE_PRODUCT = YES;
			};
			name = Release;
		};
		364891612626E93000157455 /* Debug */ = {
			isa = XCBuildConfiguration;
			buildSettings = {
				ASSETCATALOG_COMPILER_APPICON_NAME = AppIcon;
				ASSETCATALOG_COMPILER_GLOBAL_ACCENT_COLOR_NAME = AccentColor;
				CODE_SIGN_STYLE = Automatic;
				DEVELOPMENT_ASSET_PATHS = "\"mind/Preview Content\"";
				DEVELOPMENT_TEAM = T9THKJDSSM;
				ENABLE_PREVIEWS = YES;
				INFOPLIST_FILE = mind/Info.plist;
				IPHONEOS_DEPLOYMENT_TARGET = 15.0;
				LD_RUNPATH_SEARCH_PATHS = (
					"$(inherited)",
					"@executable_path/Frameworks",
				);
				PRODUCT_BUNDLE_IDENTIFIER = com.stanford.mind;
				PRODUCT_NAME = "$(TARGET_NAME)";
				SWIFT_VERSION = 5.0;
				TARGETED_DEVICE_FAMILY = "1,2";
			};
			name = Debug;
		};
		364891622626E93000157455 /* Release */ = {
			isa = XCBuildConfiguration;
			buildSettings = {
				ASSETCATALOG_COMPILER_APPICON_NAME = AppIcon;
				ASSETCATALOG_COMPILER_GLOBAL_ACCENT_COLOR_NAME = AccentColor;
				CODE_SIGN_STYLE = Automatic;
				DEVELOPMENT_ASSET_PATHS = "\"mind/Preview Content\"";
				DEVELOPMENT_TEAM = T9THKJDSSM;
				ENABLE_PREVIEWS = YES;
				INFOPLIST_FILE = mind/Info.plist;
				IPHONEOS_DEPLOYMENT_TARGET = 15.0;
				LD_RUNPATH_SEARCH_PATHS = (
					"$(inherited)",
					"@executable_path/Frameworks",
				);
				PRODUCT_BUNDLE_IDENTIFIER = com.stanford.mind;
				PRODUCT_NAME = "$(TARGET_NAME)";
				SWIFT_VERSION = 5.0;
				TARGETED_DEVICE_FAMILY = "1,2";
			};
			name = Release;
		};
		364891642626E93000157455 /* Debug */ = {
			isa = XCBuildConfiguration;
			buildSettings = {
				ALWAYS_EMBED_SWIFT_STANDARD_LIBRARIES = YES;
				BUNDLE_LOADER = "$(TEST_HOST)";
				CODE_SIGN_STYLE = Automatic;
				DEVELOPMENT_TEAM = T9THKJDSSM;
				INFOPLIST_FILE = mindTests/Info.plist;
				IPHONEOS_DEPLOYMENT_TARGET = 14.0;
				LD_RUNPATH_SEARCH_PATHS = (
					"$(inherited)",
					"@executable_path/Frameworks",
					"@loader_path/Frameworks",
				);
				PRODUCT_BUNDLE_IDENTIFIER = com.stanford.mindTests;
				PRODUCT_NAME = "$(TARGET_NAME)";
				SWIFT_VERSION = 5.0;
				TARGETED_DEVICE_FAMILY = "1,2";
				TEST_HOST = "$(BUILT_PRODUCTS_DIR)/mind.app/mind";
			};
			name = Debug;
		};
		364891652626E93000157455 /* Release */ = {
			isa = XCBuildConfiguration;
			buildSettings = {
				ALWAYS_EMBED_SWIFT_STANDARD_LIBRARIES = YES;
				BUNDLE_LOADER = "$(TEST_HOST)";
				CODE_SIGN_STYLE = Automatic;
				DEVELOPMENT_TEAM = T9THKJDSSM;
				INFOPLIST_FILE = mindTests/Info.plist;
				IPHONEOS_DEPLOYMENT_TARGET = 14.0;
				LD_RUNPATH_SEARCH_PATHS = (
					"$(inherited)",
					"@executable_path/Frameworks",
					"@loader_path/Frameworks",
				);
				PRODUCT_BUNDLE_IDENTIFIER = com.stanford.mindTests;
				PRODUCT_NAME = "$(TARGET_NAME)";
				SWIFT_VERSION = 5.0;
				TARGETED_DEVICE_FAMILY = "1,2";
				TEST_HOST = "$(BUILT_PRODUCTS_DIR)/mind.app/mind";
			};
			name = Release;
		};
		364891672626E93000157455 /* Debug */ = {
			isa = XCBuildConfiguration;
			buildSettings = {
				ALWAYS_EMBED_SWIFT_STANDARD_LIBRARIES = YES;
				CODE_SIGN_STYLE = Automatic;
				DEVELOPMENT_TEAM = T9THKJDSSM;
				INFOPLIST_FILE = mindUITests/Info.plist;
				LD_RUNPATH_SEARCH_PATHS = (
					"$(inherited)",
					"@executable_path/Frameworks",
					"@loader_path/Frameworks",
				);
				PRODUCT_BUNDLE_IDENTIFIER = com.stanford.mindUITests;
				PRODUCT_NAME = "$(TARGET_NAME)";
				SWIFT_VERSION = 5.0;
				TARGETED_DEVICE_FAMILY = "1,2";
				TEST_TARGET_NAME = mind;
			};
			name = Debug;
		};
		364891682626E93000157455 /* Release */ = {
			isa = XCBuildConfiguration;
			buildSettings = {
				ALWAYS_EMBED_SWIFT_STANDARD_LIBRARIES = YES;
				CODE_SIGN_STYLE = Automatic;
				DEVELOPMENT_TEAM = T9THKJDSSM;
				INFOPLIST_FILE = mindUITests/Info.plist;
				LD_RUNPATH_SEARCH_PATHS = (
					"$(inherited)",
					"@executable_path/Frameworks",
					"@loader_path/Frameworks",
				);
				PRODUCT_BUNDLE_IDENTIFIER = com.stanford.mindUITests;
				PRODUCT_NAME = "$(TARGET_NAME)";
				SWIFT_VERSION = 5.0;
				TARGETED_DEVICE_FAMILY = "1,2";
				TEST_TARGET_NAME = mind;
			};
			name = Release;
		};
/* End XCBuildConfiguration section */

/* Begin XCConfigurationList section */
		364891362626E92E00157455 /* Build configuration list for PBXProject "mind" */ = {
			isa = XCConfigurationList;
			buildConfigurations = (
				3648915E2626E93000157455 /* Debug */,
				3648915F2626E93000157455 /* Release */,
			);
			defaultConfigurationIsVisible = 0;
			defaultConfigurationName = Release;
		};
		364891602626E93000157455 /* Build configuration list for PBXNativeTarget "mind" */ = {
			isa = XCConfigurationList;
			buildConfigurations = (
				364891612626E93000157455 /* Debug */,
				364891622626E93000157455 /* Release */,
			);
			defaultConfigurationIsVisible = 0;
			defaultConfigurationName = Release;
		};
		364891632626E93000157455 /* Build configuration list for PBXNativeTarget "mindTests" */ = {
			isa = XCConfigurationList;
			buildConfigurations = (
				364891642626E93000157455 /* Debug */,
				364891652626E93000157455 /* Release */,
			);
			defaultConfigurationIsVisible = 0;
			defaultConfigurationName = Release;
		};
		364891662626E93000157455 /* Build configuration list for PBXNativeTarget "mindUITests" */ = {
			isa = XCConfigurationList;
			buildConfigurations = (
				364891672626E93000157455 /* Debug */,
				364891682626E93000157455 /* Release */,
			);
			defaultConfigurationIsVisible = 0;
			defaultConfigurationName = Release;
		};
/* End XCConfigurationList section */
	};
	rootObject = 364891332626E92E00157455 /* Project object */;
}
